
Microsoft Visual Studio Solution File, Format Version 12.00
# Visual Studio Version 16
VisualStudioVersion = 25.0.1705.4
MinimumVisualStudioVersion = 10.0.40219.1
Project("{FAE04EC0-301F-11D3-BF4B-00C04F79EFBC}") = "ObjectMapper", "ObjectMapper\ObjectMapper.csproj", "{7777A6FE-C49E-4C03-9BEB-5D8BD70D119A}"
EndProject
Global
	GlobalSection(SolutionConfigurationPlatforms) = preSolution
		Debug|Any CPU = Debug|Any CPU
		Release|Any CPU = Release|Any CPU
	EndGlobalSection
	GlobalSection(ProjectConfigurationPlatforms) = postSolution
		{7777A6FE-C49E-4C03-9BEB-5D8BD70D119A}.Debug|Any CPU.ActiveCfg = Debug|Any CPU
		{7777A6FE-C49E-4C03-9BEB-5D8BD70D119A}.Debug|Any CPU.Build.0 = Debug|Any CPU
		{7777A6FE-C49E-4C03-9BEB-5D8BD70D119A}.Release|Any CPU.ActiveCfg = Release|Any CPU
		{7777A6FE-C49E-4C03-9BEB-5D8BD70D119A}.Release|Any CPU.Build.0 = Release|Any CPU
	EndGlobalSection
	GlobalSection(SolutionProperties) = preSolution
		HideSolutionNode = FALSE
	EndGlobalSection
	GlobalSection(ExtensibilityGlobals) = postSolution
		SolutionGuid = {7D4A8F09-7178-4099-B31E-588EAA4263A8}
	EndGlobalSection
EndGlobal
